{
  "lockfileVersion": 1,
  "configVersion": 1,
  "workspaces": {
    "": {
      "name": "omp-permission-guard",
      "peerDependencies": {
        "@oh-my-pi/pi-ai": "*",
        "@oh-my-pi/pi-coding-agent": "*",
      },
      "optionalPeers": [
        "@oh-my-pi/pi-ai",
        "@oh-my-pi/pi-coding-agent",
      ],
    },
  },
  "packages": {}
}
